# THIS IS AN AUTOGENERATED FILE. DO NOT EDIT THIS FILE DIRECTLY.
# yarn lockfile v1


"@prometheusresearch/react-datetimepicker@^0.5.0":
  version "0.5.0"
  resolved "https://registry.yarnpkg.com/@prometheusresearch/react-datetimepicker/-/react-datetimepicker-0.5.0.tgz#34b94c1a54caf677b814613eecc7d2c0bbfd0051"
  dependencies:
    "@prometheusresearch/react-ui" "^0.22.3"
    empty "^0.10.1"
    keymirror "^0.1.1"
    lodash "^4.0.0"
    moment "^2.8.2"
    react-icons "^2.2.3"
    react-stylesheet "^2.0.0"
    tether "^1.1.0"

"@prometheusresearch/react-ui@^0.22.3":
  version "0.22.3"
  resolved "https://registry.yarnpkg.com/@prometheusresearch/react-ui/-/react-ui-0.22.3.tgz#c4a6543d9227e9e847ef03991729e05cd684a9be"
  dependencies:
    color-js "^1.0.3"
    debounce "^1.0.0"
    invariant "^2.2.1"
    react-stylesheet "^2.0.0"

"@prometheusresearch/react-ui@^0.25.0":
  version "0.25.0"
  resolved "https://registry.yarnpkg.com/@prometheusresearch/react-ui/-/react-ui-0.25.0.tgz#a1e68b7d3a1043db0602c0b799d6ab5bd842f4cf"
  dependencies:
    color-js "^1.0.4"
    debounce "^1.0.0"
    focus-group "^0.3.1"
    invariant "^2.2.1"
    react-stylesheet "^2.1.1"
    teeny-tap "^0.2.0"

acorn@^4.0.3:
  version "4.0.13"
  resolved "https://registry.yarnpkg.com/acorn/-/acorn-4.0.13.tgz#105495ae5361d697bd195c825192e1ad7f253787"

amdefine@>=0.0.4:
  version "1.0.1"
  resolved "https://registry.yarnpkg.com/amdefine/-/amdefine-1.0.1.tgz#4a5282ac164729e93619bcfd3ad151f817ce91f5"

asap@~2.0.3:
  version "2.0.5"
  resolved "https://registry.yarnpkg.com/asap/-/asap-2.0.5.tgz#522765b50c3510490e52d7dcfe085ef9ba96958f"

ast-types@0.9.6:
  version "0.9.6"
  resolved "https://registry.yarnpkg.com/ast-types/-/ast-types-0.9.6.tgz#102c9e9e9005d3e7e3829bf0c4fa24ee862ee9b9"

babel-runtime@^6.11.6:
  version "6.23.0"
  resolved "https://registry.yarnpkg.com/babel-runtime/-/babel-runtime-6.23.0.tgz#0a9489f144de70efb3ce4300accdb329e2fc543b"
  dependencies:
    core-js "^2.4.0"
    regenerator-runtime "^0.10.0"

balanced-match@^0.4.2:
  version "0.4.2"
  resolved "https://registry.yarnpkg.com/balanced-match/-/balanced-match-0.4.2.tgz#cb3f3e3c732dc0f01ee70b403f302e61d7709838"

balanced-match@^1.0.0:
  version "1.0.0"
  resolved "https://registry.yarnpkg.com/balanced-match/-/balanced-match-1.0.0.tgz#89b4d199ab2bee49de164ea02b89ce462d71b767"

base62@^1.1.0:
  version "1.2.0"
  resolved "https://registry.yarnpkg.com/base62/-/base62-1.2.0.tgz#31e7e560dc846c9f44c1a531df6514da35474157"

base64-js@^1.2.0:
  version "1.2.1"
  resolved "https://registry.yarnpkg.com/base64-js/-/base64-js-1.2.1.tgz#a91947da1f4a516ea38e5b4ec0ec3773675e0886"

big.js@^3.1.3:
  version "3.1.3"
  resolved "https://registry.yarnpkg.com/big.js/-/big.js-3.1.3.tgz#4cada2193652eb3ca9ec8e55c9015669c9806978"

brace-expansion@^1.1.7:
  version "1.1.8"
  resolved "https://registry.yarnpkg.com/brace-expansion/-/brace-expansion-1.1.8.tgz#c07b211c7c952ec1f8efd51a77ef0d1d3990a292"
  dependencies:
    balanced-match "^1.0.0"
    concat-map "0.0.1"

chain-function@^1.0.0:
  version "1.0.0"
  resolved "https://registry.yarnpkg.com/chain-function/-/chain-function-1.0.0.tgz#0d4ab37e7e18ead0bdc47b920764118ce58733dc"

classnames@2.2.5, classnames@^2.2.3, classnames@^2.2.4:
  version "2.2.5"
  resolved "https://registry.yarnpkg.com/classnames/-/classnames-2.2.5.tgz#fb3801d453467649ef3603c7d61a02bd129bde6d"

color-hash@^1.0.3:
  version "1.0.3"
  resolved "https://registry.yarnpkg.com/color-hash/-/color-hash-1.0.3.tgz#c0e7952f06d022e548e65da239512bd67d3809ee"

color-js@^1.0.3, color-js@^1.0.4:
  version "1.0.4"
  resolved "https://registry.yarnpkg.com/color-js/-/color-js-1.0.4.tgz#97d77af4188ba8e1957ba0d512e6465f321e8f82"

commander@^2.5.0:
  version "2.10.0"
  resolved "https://registry.yarnpkg.com/commander/-/commander-2.10.0.tgz#e1f5d3245de246d1a5ca04702fa1ad1bd7e405fe"
  dependencies:
    graceful-readlink ">= 1.0.0"

commoner@^0.10.1:
  version "0.10.8"
  resolved "https://registry.yarnpkg.com/commoner/-/commoner-0.10.8.tgz#34fc3672cd24393e8bb47e70caa0293811f4f2c5"
  dependencies:
    commander "^2.5.0"
    detective "^4.3.1"
    glob "^5.0.15"
    graceful-fs "^4.1.2"
    iconv-lite "^0.4.5"
    mkdirp "^0.5.0"
    private "^0.1.6"
    q "^1.1.2"
    recast "^0.11.17"

concat-map@0.0.1:
  version "0.0.1"
  resolved "https://registry.yarnpkg.com/concat-map/-/concat-map-0.0.1.tgz#d8a96bd77fd68df7793a73036a3ba0d5405d477b"

core-js@2.4.1, core-js@^2.4.0:
  version "2.4.1"
  resolved "https://registry.yarnpkg.com/core-js/-/core-js-2.4.1.tgz#4de911e667b0eae9124e34254b53aea6fc618d3e"

core-js@^1.0.0:
  version "1.2.7"
  resolved "https://registry.yarnpkg.com/core-js/-/core-js-1.2.7.tgz#652294c14651db28fa93bd2d5ff2983a4f08c636"

create-react-class@^15.5.2:
  version "15.6.0"
  resolved "https://registry.yarnpkg.com/create-react-class/-/create-react-class-15.6.0.tgz#ab448497c26566e1e29413e883207d57cfe7bed4"
  dependencies:
    fbjs "^0.8.9"
    loose-envify "^1.3.1"
    object-assign "^4.1.1"

d3-array@1:
  version "1.2.0"
  resolved "https://registry.yarnpkg.com/d3-array/-/d3-array-1.2.0.tgz#147d269720e174c4057a7f42be8b0f3f2ba53108"

d3-collection@1:
  version "1.0.4"
  resolved "https://registry.yarnpkg.com/d3-collection/-/d3-collection-1.0.4.tgz#342dfd12837c90974f33f1cc0a785aea570dcdc2"

d3-color@1:
  version "1.0.3"
  resolved "https://registry.yarnpkg.com/d3-color/-/d3-color-1.0.3.tgz#bc7643fca8e53a8347e2fbdaffa236796b58509b"

d3-format@1:
  version "1.2.0"
  resolved "https://registry.yarnpkg.com/d3-format/-/d3-format-1.2.0.tgz#6b480baa886885d4651dc248a8f4ac9da16db07a"

d3-interpolate@1:
  version "1.1.5"
  resolved "https://registry.yarnpkg.com/d3-interpolate/-/d3-interpolate-1.1.5.tgz#69e099ff39214716e563c9aec3ea9d1ea4b8a79f"
  dependencies:
    d3-color "1"

d3-path@1:
  version "1.0.5"
  resolved "https://registry.yarnpkg.com/d3-path/-/d3-path-1.0.5.tgz#241eb1849bd9e9e8021c0d0a799f8a0e8e441764"

d3-scale@1.0.4:
  version "1.0.4"
  resolved "https://registry.yarnpkg.com/d3-scale/-/d3-scale-1.0.4.tgz#50e28bf6a193b706745528515ed9b3d44205a033"
  dependencies:
    d3-array "1"
    d3-collection "1"
    d3-color "1"
    d3-format "1"
    d3-interpolate "1"
    d3-time "1"
    d3-time-format "2"

d3-shape@1.0.4:
  version "1.0.4"
  resolved "https://registry.yarnpkg.com/d3-shape/-/d3-shape-1.0.4.tgz#145ee100ccbec42f8e3f1996cd05c786f79fe1c6"
  dependencies:
    d3-path "1"

d3-time-format@2:
  version "2.0.5"
  resolved "https://registry.yarnpkg.com/d3-time-format/-/d3-time-format-2.0.5.tgz#9d7780204f7c9119c9170b1a56db4de9a8af972e"
  dependencies:
    d3-time "1"

d3-time@1:
  version "1.0.7"
  resolved "https://registry.yarnpkg.com/d3-time/-/d3-time-1.0.7.tgz#94caf6edbb7879bb809d0d1f7572bc48482f7270"

debounce-promise@^2.1.1:
  version "2.1.1"
  resolved "https://registry.yarnpkg.com/debounce-promise/-/debounce-promise-2.1.1.tgz#4c6a6a2ba6b4a75bac544d688dd1ad4fcce9f30b"

debounce@^1.0.0:
  version "1.0.2"
  resolved "https://registry.yarnpkg.com/debounce/-/debounce-1.0.2.tgz#503cc674d8d7f737099664fb75ddbd36b9626dc6"

debug@^2.6.0:
  version "2.6.8"
  resolved "https://registry.yarnpkg.com/debug/-/debug-2.6.8.tgz#e731531ca2ede27d188222427da17821d68ff4fc"
  dependencies:
    ms "2.0.0"

defined@^1.0.0:
  version "1.0.0"
  resolved "https://registry.yarnpkg.com/defined/-/defined-1.0.0.tgz#c98d9bcef75674188e110969151199e39b1fa693"

detective@^4.3.1:
  version "4.5.0"
  resolved "https://registry.yarnpkg.com/detective/-/detective-4.5.0.tgz#6e5a8c6b26e6c7a254b1c6b6d7490d98ec91edd1"
  dependencies:
    acorn "^4.0.3"
    defined "^1.0.0"

"dom-helpers@^2.4.0 || ^3.0.0", dom-helpers@^3.2.0:
  version "3.2.1"
  resolved "https://registry.yarnpkg.com/dom-helpers/-/dom-helpers-3.2.1.tgz#3203e07fed217bd1f424b019735582fc37b2825a"

downloadjs@^1.4.6:
  version "1.4.7"
  resolved "https://registry.yarnpkg.com/downloadjs/-/downloadjs-1.4.7.tgz#f69f96f940e0d0553dac291139865a3cd0101e3c"

emojis-list@^2.0.0:
  version "2.1.0"
  resolved "https://registry.yarnpkg.com/emojis-list/-/emojis-list-2.1.0.tgz#4daa4d9db00f9819880c79fa457ae5b09a1fd389"

empty@^0.10.1:
  version "0.10.1"
  resolved "https://registry.yarnpkg.com/empty/-/empty-0.10.1.tgz#de22fbe9fd0c0bc60cd904943a30eb222b67e042"
  dependencies:
    envify "^3.4.0"

encoding@^0.1.11:
  version "0.1.12"
  resolved "https://registry.yarnpkg.com/encoding/-/encoding-0.1.12.tgz#538b66f3ee62cd1ab51ec323829d1f9480c74beb"
  dependencies:
    iconv-lite "~0.4.13"

envify@^3.4.0:
  version "3.4.1"
  resolved "https://registry.yarnpkg.com/envify/-/envify-3.4.1.tgz#d7122329e8df1688ba771b12501917c9ce5cbce8"
  dependencies:
    jstransform "^11.0.3"
    through "~2.3.4"

esprima-fb@^15001.1.0-dev-harmony-fb:
  version "15001.1.0-dev-harmony-fb"
  resolved "https://registry.yarnpkg.com/esprima-fb/-/esprima-fb-15001.1.0-dev-harmony-fb.tgz#30a947303c6b8d5e955bee2b99b1d233206a6901"

esprima@~3.1.0:
  version "3.1.3"
  resolved "https://registry.yarnpkg.com/esprima/-/esprima-3.1.3.tgz#fdca51cee6133895e3c88d535ce49dbff62a4633"

exenv@^1.2.1:
  version "1.2.2"
  resolved "https://registry.yarnpkg.com/exenv/-/exenv-1.2.2.tgz#2ae78e85d9894158670b03d47bec1f03bd91bb9d"

fbjs@^0.8.9:
  version "0.8.12"
  resolved "https://registry.yarnpkg.com/fbjs/-/fbjs-0.8.12.tgz#10b5d92f76d45575fd63a217d4ea02bea2f8ed04"
  dependencies:
    core-js "^1.0.0"
    isomorphic-fetch "^2.1.1"
    loose-envify "^1.0.0"
    object-assign "^4.1.0"
    promise "^7.1.1"
    setimmediate "^1.0.5"
    ua-parser-js "^0.7.9"

flow-bin@^0.49.1:
  version "0.49.1"
  resolved "https://registry.yarnpkg.com/flow-bin/-/flow-bin-0.49.1.tgz#c9e456b3173a7535a4ffaf28956352c63bb8e3e9"

focus-group@^0.3.1:
  version "0.3.1"
  resolved "https://registry.yarnpkg.com/focus-group/-/focus-group-0.3.1.tgz#e0f32ed86b0dabdd6ffcebdf898ecb32e47fedce"

glob@^5.0.15:
  version "5.0.15"
  resolved "https://registry.yarnpkg.com/glob/-/glob-5.0.15.tgz#1bc936b9e02f4a603fcc222ecf7633d30b8b93b1"
  dependencies:
    inflight "^1.0.4"
    inherits "2"
    minimatch "2 || 3"
    once "^1.3.0"
    path-is-absolute "^1.0.0"

graceful-fs@^4.1.2:
  version "4.1.11"
  resolved "https://registry.yarnpkg.com/graceful-fs/-/graceful-fs-4.1.11.tgz#0e8bdfe4d1ddb8854d64e04ea7c00e2a026e5658"

"graceful-readlink@>= 1.0.0":
  version "1.0.1"
  resolved "https://registry.yarnpkg.com/graceful-readlink/-/graceful-readlink-1.0.1.tgz#4cafad76bc62f02fa039b2f94e9a3dd3a391a725"

iconv-lite@^0.4.5, iconv-lite@~0.4.13:
  version "0.4.18"
  resolved "https://registry.yarnpkg.com/iconv-lite/-/iconv-lite-0.4.18.tgz#23d8656b16aae6742ac29732ea8f0336a4789cf2"

inflight@^1.0.4:
  version "1.0.6"
  resolved "https://registry.yarnpkg.com/inflight/-/inflight-1.0.6.tgz#49bd6331d7d02d0c09bc910a1075ba8165b56df9"
  dependencies:
    once "^1.3.0"
    wrappy "1"

inherits@2:
  version "2.0.3"
  resolved "https://registry.yarnpkg.com/inherits/-/inherits-2.0.3.tgz#633c2c83e3da42a502f52466022480f4208261de"

inline-style-prefix-all@^2.0.2:
  version "2.0.2"
  resolved "https://registry.yarnpkg.com/inline-style-prefix-all/-/inline-style-prefix-all-2.0.2.tgz#44e23c00d3521a36041e07c9b1e81bf36770b08c"

invariant@^2.2.1:
  version "2.2.2"
  resolved "https://registry.yarnpkg.com/invariant/-/invariant-2.2.2.tgz#9e1f56ac0acdb6bf303306f338be3b204ae60360"
  dependencies:
    loose-envify "^1.0.0"

is-stream@^1.0.1:
  version "1.1.0"
  resolved "https://registry.yarnpkg.com/is-stream/-/is-stream-1.1.0.tgz#12d4a3dd4e68e0b79ceb8dbc84173ae80d91ca44"

isomorphic-fetch@^2.1.1:
  version "2.2.1"
  resolved "https://registry.yarnpkg.com/isomorphic-fetch/-/isomorphic-fetch-2.2.1.tgz#611ae1acf14f5e81f729507472819fe9733558a9"
  dependencies:
    node-fetch "^1.0.1"
    whatwg-fetch ">=0.10.0"

js-tokens@^3.0.0:
  version "3.0.2"
  resolved "https://registry.yarnpkg.com/js-tokens/-/js-tokens-3.0.2.tgz#9866df395102130e38f7f996bceb65443209c25b"

json5@^0.5.0:
  version "0.5.1"
  resolved "https://registry.yarnpkg.com/json5/-/json5-0.5.1.tgz#1eade7acc012034ad84e2396767ead9fa5495821"

jstransform@^11.0.3:
  version "11.0.3"
  resolved "https://registry.yarnpkg.com/jstransform/-/jstransform-11.0.3.tgz#09a78993e0ae4d4ef4487f6155a91f6190cb4223"
  dependencies:
    base62 "^1.1.0"
    commoner "^0.10.1"
    esprima-fb "^15001.1.0-dev-harmony-fb"
    object-assign "^2.0.0"
    source-map "^0.4.2"

keymirror@^0.1.1:
  version "0.1.1"
  resolved "https://registry.yarnpkg.com/keymirror/-/keymirror-0.1.1.tgz#918889ea13f8d0a42e7c557250eee713adc95c35"

loader-utils@^1.0.2:
  version "1.1.0"
  resolved "https://registry.yarnpkg.com/loader-utils/-/loader-utils-1.1.0.tgz#c98aef488bcceda2ffb5e2de646d6a754429f5cd"
  dependencies:
    big.js "^3.1.3"
    emojis-list "^2.0.0"
    json5 "^0.5.0"

lodash@^4.0.0, lodash@^4.15.0, lodash@^4.16.4, lodash@~4.17.4:
  version "4.17.4"
  resolved "https://registry.yarnpkg.com/lodash/-/lodash-4.17.4.tgz#78203a4d1c328ae1d86dca6460e369b57f4055ae"

loose-envify@^1.0.0, loose-envify@^1.3.0, loose-envify@^1.3.1:
  version "1.3.1"
  resolved "https://registry.yarnpkg.com/loose-envify/-/loose-envify-1.3.1.tgz#d1a8ad33fa9ce0e713d65fdd0ac8b748d478c848"
  dependencies:
    js-tokens "^3.0.0"

math-expression-evaluator@^1.2.14:
  version "1.2.17"
  resolved "https://registry.yarnpkg.com/math-expression-evaluator/-/math-expression-evaluator-1.2.17.tgz#de819fdbcd84dccd8fae59c6aeb79615b9d266ac"

"minimatch@2 || 3":
  version "3.0.4"
  resolved "https://registry.yarnpkg.com/minimatch/-/minimatch-3.0.4.tgz#5166e286457f03306064be5497e8dbb0c3d32083"
  dependencies:
    brace-expansion "^1.1.7"

minimist@0.0.8:
  version "0.0.8"
  resolved "https://registry.yarnpkg.com/minimist/-/minimist-0.0.8.tgz#857fcabfc3397d2625b8228262e86aa7a011b05d"

mkdirp@^0.5.0:
  version "0.5.1"
  resolved "https://registry.yarnpkg.com/mkdirp/-/mkdirp-0.5.1.tgz#30057438eac6cf7f8c4767f38648d6697d75c903"
  dependencies:
    minimist "0.0.8"

moment@^2.15.2, moment@^2.8.2:
  version "2.18.1"
  resolved "https://registry.yarnpkg.com/moment/-/moment-2.18.1.tgz#c36193dd3ce1c2eed2adb7c802dbbc77a81b1c0f"

ms@2.0.0:
  version "2.0.0"
  resolved "https://registry.yarnpkg.com/ms/-/ms-2.0.0.tgz#5608aeadfc00be6c2901df5f9861788de0d597c8"

murmurhash-js@^1.0.0:
  version "1.0.0"
  resolved "https://registry.yarnpkg.com/murmurhash-js/-/murmurhash-js-1.0.0.tgz#b06278e21fc6c37fa5313732b0412bcb6ae15f51"

node-fetch@^1.0.1:
  version "1.7.1"
  resolved "https://registry.yarnpkg.com/node-fetch/-/node-fetch-1.7.1.tgz#899cb3d0a3c92f952c47f1b876f4c8aeabd400d5"
  dependencies:
    encoding "^0.1.11"
    is-stream "^1.0.1"

object-assign@^2.0.0:
  version "2.1.1"
  resolved "https://registry.yarnpkg.com/object-assign/-/object-assign-2.1.1.tgz#43c36e5d569ff8e4816c4efa8be02d26967c18aa"

object-assign@^4.1.0, object-assign@^4.1.1:
  version "4.1.1"
  resolved "https://registry.yarnpkg.com/object-assign/-/object-assign-4.1.1.tgz#2109adc7965887cfc05cbbd442cac8bfbb360863"

once@^1.3.0:
  version "1.4.0"
  resolved "https://registry.yarnpkg.com/once/-/once-1.4.0.tgz#583b1aa775961d4b113ac17d9c50baef9dd76bd1"
  dependencies:
    wrappy "1"

path-is-absolute@^1.0.0:
  version "1.0.1"
  resolved "https://registry.yarnpkg.com/path-is-absolute/-/path-is-absolute-1.0.1.tgz#174b9268735534ffbc7ace6bf53a5a9e1b5c5f5f"

performance-now@^2.1.0:
  version "2.1.0"
  resolved "https://registry.yarnpkg.com/performance-now/-/performance-now-2.1.0.tgz#6309f4e0e5fa913ec1c69307ae364b4b377c9e7b"

prettier@^1.5.2:
  version "1.5.2"
  resolved "https://registry.yarnpkg.com/prettier/-/prettier-1.5.2.tgz#7ea0751da27b93bfb6cecfcec509994f52d83bb3"

private@^0.1.6, private@~0.1.5:
  version "0.1.7"
  resolved "https://registry.yarnpkg.com/private/-/private-0.1.7.tgz#68ce5e8a1ef0a23bb570cc28537b5332aba63ef1"

promise@^7.1.1:
  version "7.3.1"
  resolved "https://registry.yarnpkg.com/promise/-/promise-7.3.1.tgz#064b72602b18f90f29192b8b1bc418ffd1ebd3bf"
  dependencies:
    asap "~2.0.3"

prop-types@15.5.8:
  version "15.5.8"
  resolved "https://registry.yarnpkg.com/prop-types/-/prop-types-15.5.8.tgz#6b7b2e141083be38c8595aa51fc55775c7199394"
  dependencies:
    fbjs "^0.8.9"

prop-types@^15.5.6, prop-types@^15.5.8:
  version "15.5.10"
  resolved "https://registry.yarnpkg.com/prop-types/-/prop-types-15.5.10.tgz#2797dfc3126182e3a95e3dfbb2e893ddd7456154"
  dependencies:
    fbjs "^0.8.9"
    loose-envify "^1.3.1"

q@^1.1.2:
  version "1.5.0"
  resolved "https://registry.yarnpkg.com/q/-/q-1.5.0.tgz#dd01bac9d06d30e6f219aecb8253ee9ebdc308f1"

qs@^6.2.1:
  version "6.5.0"
  resolved "https://registry.yarnpkg.com/qs/-/qs-6.5.0.tgz#8d04954d364def3efc55b5a0793e1e2c8b1e6e49"

raf@^3.2.0:
  version "3.3.2"
  resolved "https://registry.yarnpkg.com/raf/-/raf-3.3.2.tgz#0c13be0b5b49b46f76d6669248d527cf2b02fe27"
  dependencies:
    performance-now "^2.1.0"

react-addons-shallow-compare@^0.14.0:
  version "0.14.8"
  resolved "https://registry.yarnpkg.com/react-addons-shallow-compare/-/react-addons-shallow-compare-0.14.8.tgz#1f26533d78cadabf4639756ec0dae5ab45427a74"

react-addons-transition-group@^0.14.0:
  version "0.14.8"
  resolved "https://registry.yarnpkg.com/react-addons-transition-group/-/react-addons-transition-group-0.14.8.tgz#3864f3bcfa180e1ab36f1efebee14fb481acf042"

"react-addons-transition-group@^0.14.0 || ^15.0.0":
  version "15.6.0"
  resolved "https://registry.yarnpkg.com/react-addons-transition-group/-/react-addons-transition-group-15.6.0.tgz#0f220b9f9597db3a80a88dbd6fe805fc644ce21c"
  dependencies:
    react-transition-group "^1.2.0"

react-aria-menubutton@andreypopp/react-aria-menubutton#939562363c5fb9eecdc38465477e3c209339383c:
  version "4.3.0"
  resolved "https://codeload.github.com/andreypopp/react-aria-menubutton/tar.gz/939562363c5fb9eecdc38465477e3c209339383c"
  dependencies:
    focus-group "^0.3.1"
    teeny-tap "^0.2.0"

react-icon-base@2.0.7:
  version "2.0.7"
  resolved "https://registry.yarnpkg.com/react-icon-base/-/react-icon-base-2.0.7.tgz#0bd18736bd6ce79ca6d69ce8387a07fb8d4ceffe"
  dependencies:
    prop-types "15.5.8"

react-icons@^2.2.1, react-icons@^2.2.3:
  version "2.2.5"
  resolved "https://registry.yarnpkg.com/react-icons/-/react-icons-2.2.5.tgz#f942501c21a4cc0456ce2bbee5032c93f6051dcf"
  dependencies:
    react-icon-base "2.0.7"

react-input-autosize@^1.1.3:
  version "1.1.4"
  resolved "https://registry.yarnpkg.com/react-input-autosize/-/react-input-autosize-1.1.4.tgz#cbc45072d4084ddc57806db8e3b34e644b8366ac"
  dependencies:
    create-react-class "^15.5.2"
    prop-types "^15.5.8"

react-relative-portal@^1.2.0:
  version "1.3.1"
  resolved "https://registry.yarnpkg.com/react-relative-portal/-/react-relative-portal-1.3.1.tgz#29cde5f4b8d3754f1db1bb0b636df1ce4cb84b6c"
  dependencies:
    debounce "^1.0.0"
    exenv "^1.2.1"

react-resize-detector@0.3.3:
  version "0.3.3"
  resolved "https://registry.yarnpkg.com/react-resize-detector/-/react-resize-detector-0.3.3.tgz#ca07443072324843586666d9443a6356da7c0501"

react-select@^1.0.0-rc.2:
  version "1.0.0-rc.5"
  resolved "https://registry.yarnpkg.com/react-select/-/react-select-1.0.0-rc.5.tgz#9d316f252b1adc372ddb5cdf1f119c6b7cfdb5d6"
  dependencies:
    classnames "^2.2.4"
    create-react-class "^15.5.2"
    prop-types "^15.5.8"
    react-input-autosize "^1.1.3"

react-smooth@0.1.20:
  version "0.1.20"
  resolved "https://registry.yarnpkg.com/react-smooth/-/react-smooth-0.1.20.tgz#0527eb60d0ee529e98720127aea5d3fbd2e59fb7"
  dependencies:
    lodash "^4.16.4"
    raf "^3.2.0"
    react-addons-transition-group "^0.14.0 || ^15.0.0"

react-stylesheet@^2.0.0:
  version "2.0.3"
  resolved "https://registry.yarnpkg.com/react-stylesheet/-/react-stylesheet-2.0.3.tgz#8ed098328ae7b3e0657eba2f1bd56016687646c3"
  dependencies:
    fbjs "^0.8.9"
    inline-style-prefix-all "^2.0.2"
    invariant "^2.2.1"
    murmurhash-js "^1.0.0"
    style-loader "^0.13.0"

react-stylesheet@^2.1.1:
  version "2.1.1"
  resolved "https://registry.yarnpkg.com/react-stylesheet/-/react-stylesheet-2.1.1.tgz#c5ab35eb832d2b0f00938ad971bf5dac5fae7008"
  dependencies:
    fbjs "^0.8.9"
    inline-style-prefix-all "^2.0.2"
    invariant "^2.2.1"
    murmurhash-js "^1.0.0"
    style-loader "^0.13.0"

react-transition-group@^1.2.0:
  version "1.2.0"
  resolved "https://registry.yarnpkg.com/react-transition-group/-/react-transition-group-1.2.0.tgz#b51fc921b0c3835a7ef7c571c79fc82c73e9204f"
  dependencies:
    chain-function "^1.0.0"
    dom-helpers "^3.2.0"
    loose-envify "^1.3.1"
    prop-types "^15.5.6"
    warning "^3.0.0"

react-virtualized@^8.7.1:
  version "8.11.4"
  resolved "https://registry.yarnpkg.com/react-virtualized/-/react-virtualized-8.11.4.tgz#0bb94f1ecbd286d07145ce63983d0a11724522c0"
  dependencies:
    babel-runtime "^6.11.6"
    classnames "^2.2.3"
    dom-helpers "^2.4.0 || ^3.0.0"
    loose-envify "^1.3.0"

recast@^0.11.17:
  version "0.11.23"
  resolved "https://registry.yarnpkg.com/recast/-/recast-0.11.23.tgz#451fd3004ab1e4df9b4e4b66376b2a21912462d3"
  dependencies:
    ast-types "0.9.6"
    esprima "~3.1.0"
    private "~0.1.5"
    source-map "~0.5.0"

recharts-scale@0.2.1:
  version "0.2.1"
  resolved "https://registry.yarnpkg.com/recharts-scale/-/recharts-scale-0.2.1.tgz#378f543ed17c3245e4d9afb10aaf6298240d2fcb"

recharts@^0.20.8:
  version "0.20.8"
  resolved "https://registry.yarnpkg.com/recharts/-/recharts-0.20.8.tgz#7675c6c75c4888a577063679273508bd79d007f4"
  dependencies:
    classnames "2.2.5"
    core-js "2.4.1"
    d3-scale "1.0.4"
    d3-shape "1.0.4"
    lodash "~4.17.4"
    react-resize-detector "0.3.3"
    react-smooth "0.1.20"
    recharts-scale "0.2.1"
    reduce-css-calc "1.3.0"

reduce-css-calc@1.3.0:
  version "1.3.0"
  resolved "https://registry.yarnpkg.com/reduce-css-calc/-/reduce-css-calc-1.3.0.tgz#747c914e049614a4c9cfbba629871ad1d2927716"
  dependencies:
    balanced-match "^0.4.2"
    math-expression-evaluator "^1.2.14"
    reduce-function-call "^1.0.1"

reduce-function-call@^1.0.1:
  version "1.0.2"
  resolved "https://registry.yarnpkg.com/reduce-function-call/-/reduce-function-call-1.0.2.tgz#5a200bf92e0e37751752fe45b0ab330fd4b6be99"
  dependencies:
    balanced-match "^0.4.2"

regenerator-runtime@^0.10.0:
  version "0.10.5"
  resolved "https://registry.yarnpkg.com/regenerator-runtime/-/regenerator-runtime-0.10.5.tgz#336c3efc1220adcedda2c9fab67b5a7955a33658"

"rex-query@file:./rex_node_modules/rex-query":
  version "0.4.2"
  dependencies:
    "@prometheusresearch/react-datetimepicker" "^0.5.0"
    "@prometheusresearch/react-ui" "^0.25.0"
    base64-js "^1.2.0"
    color-hash "^1.0.3"
    create-react-class "^15.5.2"
    debounce-promise "^2.1.1"
    debug "^2.6.0"
    downloadjs "^1.4.6"
    invariant "^2.2.1"
    lodash "^4.15.0"
    moment "^2.15.2"
    prop-types "^15.5.8"
    qs "^6.2.1"
    react-addons-shallow-compare "^0.14.0"
    react-addons-transition-group "^0.14.0"
    react-aria-menubutton andreypopp/react-aria-menubutton#939562363c5fb9eecdc38465477e3c209339383c
    react-icons "^2.2.1"
    react-relative-portal "^1.2.0"
    react-select "^1.0.0-rc.2"
    react-stylesheet "^2.1.1"
    react-virtualized "^8.7.1"
    recharts "^0.20.8"
    tether "^1.4.0"

setimmediate@^1.0.5:
  version "1.0.5"
  resolved "https://registry.yarnpkg.com/setimmediate/-/setimmediate-1.0.5.tgz#290cbb232e306942d7d7ea9b83732ab7856f8285"

source-map@^0.4.2:
  version "0.4.4"
  resolved "https://registry.yarnpkg.com/source-map/-/source-map-0.4.4.tgz#eba4f5da9c0dc999de68032d8b4f76173652036b"
  dependencies:
    amdefine ">=0.0.4"

source-map@~0.5.0:
  version "0.5.6"
  resolved "https://registry.yarnpkg.com/source-map/-/source-map-0.5.6.tgz#75ce38f52bf0733c5a7f0c118d81334a2bb5f412"

style-loader@^0.13.0:
  version "0.13.2"
  resolved "https://registry.yarnpkg.com/style-loader/-/style-loader-0.13.2.tgz#74533384cf698c7104c7951150b49717adc2f3bb"
  dependencies:
    loader-utils "^1.0.2"

teeny-tap@^0.2.0:
  version "0.2.0"
  resolved "https://registry.yarnpkg.com/teeny-tap/-/teeny-tap-0.2.0.tgz#167e645182d06ac222d62bb2ab67947a70a58a68"

tether@^1.1.0, tether@^1.4.0:
  version "1.4.0"
  resolved "https://registry.yarnpkg.com/tether/-/tether-1.4.0.tgz#0f9fa171f75bf58485d8149e94799d7ae74d1c1a"

through@~2.3.4:
  version "2.3.8"
  resolved "https://registry.yarnpkg.com/through/-/through-2.3.8.tgz#0dd4c9ffaabc357960b1b724115d7e0e86a2e1f5"

ua-parser-js@^0.7.9:
  version "0.7.13"
  resolved "https://registry.yarnpkg.com/ua-parser-js/-/ua-parser-js-0.7.13.tgz#cd9dd2f86493b3f44dbeeef3780fda74c5ee14be"

warning@^3.0.0:
  version "3.0.0"
  resolved "https://registry.yarnpkg.com/warning/-/warning-3.0.0.tgz#32e5377cb572de4ab04753bdf8821c01ed605b7c"
  dependencies:
    loose-envify "^1.0.0"

whatwg-fetch@>=0.10.0:
  version "2.0.3"
  resolved "https://registry.yarnpkg.com/whatwg-fetch/-/whatwg-fetch-2.0.3.tgz#9c84ec2dcf68187ff00bc64e1274b442176e1c84"

wrappy@1:
  version "1.0.2"
  resolved "https://registry.yarnpkg.com/wrappy/-/wrappy-1.0.2.tgz#b5243d8f3ec1aa35f1364605bc0d1036e30ab69f"
