# THIS IS AN AUTOGENERATED FILE. DO NOT EDIT THIS FILE DIRECTLY.
# yarn lockfile v1


"@prometheusresearch/react-autocomplete@^0.4.2":
  version "0.4.3"
  resolved "https://registry.yarnpkg.com/@prometheusresearch/react-autocomplete/-/react-autocomplete-0.4.3.tgz#191acd2beded75b089d9d2a8063e3bd9909dbf9f"
  dependencies:
    autobind-decorator "^1.3.2"
    dom-scroll-into-view "^1.0.1"
    empty "^0.10.1"
    lodash "^3.10.1"
    react-dom-stylesheet "^0.8.3"
    react-stylesheet "^1.0.0"
    tether "^1.1.0"

"@prometheusresearch/react-box@^0.10.0":
  version "0.10.1"
  resolved "https://registry.yarnpkg.com/@prometheusresearch/react-box/-/react-box-0.10.1.tgz#9a9fa9e07191871087a86cc0406c2eaaaf1d0b5c"

"@prometheusresearch/react-box@^0.9.3":
  version "0.9.5"
  resolved "https://registry.yarnpkg.com/@prometheusresearch/react-box/-/react-box-0.9.5.tgz#6fd52e98aed90ff57ccfa0a40b39b9dfc45dc7fc"
  dependencies:
    react-dom-stylesheet "^0.7.0"

"@prometheusresearch/react-datetimepicker@^0.4.1":
  version "0.4.2"
  resolved "https://registry.yarnpkg.com/@prometheusresearch/react-datetimepicker/-/react-datetimepicker-0.4.2.tgz#66a1a38245cf1b60d2c3465572bf846beb9f3b16"
  dependencies:
    autobind-decorator "^1.3.2"
    empty "^0.10.1"
    keymirror "^0.1.1"
    lodash "^3.10.1"
    moment "^2.8.2"
    react-dom-stylesheet "^0.8.3"
    react-stylesheet "^1.0.0"
    tether "^1.1.0"

"@prometheusresearch/react-datetimepicker@^0.5.0":
  version "0.5.0"
  resolved "https://registry.yarnpkg.com/@prometheusresearch/react-datetimepicker/-/react-datetimepicker-0.5.0.tgz#34b94c1a54caf677b814613eecc7d2c0bbfd0051"
  dependencies:
    "@prometheusresearch/react-ui" "^0.22.3"
    empty "^0.10.1"
    keymirror "^0.1.1"
    lodash "^4.0.0"
    moment "^2.8.2"
    react-icons "^2.2.3"
    react-stylesheet "^2.0.0"
    tether "^1.1.0"

"@prometheusresearch/react-ui@^0.21.0":
  version "0.21.3"
  resolved "https://registry.yarnpkg.com/@prometheusresearch/react-ui/-/react-ui-0.21.3.tgz#c8c2cc840f18200be21d6aca5f0b322a4bf41d7a"
  dependencies:
    "@prometheusresearch/react-box" "^0.10.0"
    color-js "^1.0.3"
    invariant "^2.2.1"
    lodash "^4.13.0"
    react-dom-stylesheet "^0.8.3"
    react-stylesheet "^1.0.0"

"@prometheusresearch/react-ui@^0.22.3":
  version "0.22.3"
  resolved "https://registry.yarnpkg.com/@prometheusresearch/react-ui/-/react-ui-0.22.3.tgz#c4a6543d9227e9e847ef03991729e05cd684a9be"
  dependencies:
    color-js "^1.0.3"
    debounce "^1.0.0"
    invariant "^2.2.1"
    react-stylesheet "^2.0.0"

"@prometheusresearch/react-ui@^0.24.1", "@prometheusresearch/react-ui@^0.24.4":
  version "0.24.4"
  resolved "https://registry.yarnpkg.com/@prometheusresearch/react-ui/-/react-ui-0.24.4.tgz#302b3932da5d3ecaed0d6c72d67c1a804063ed42"
  dependencies:
    color-js "^1.0.4"
    debounce "^1.0.0"
    focus-group "^0.3.1"
    invariant "^2.2.1"
    react-stylesheet "^2.0.2"
    teeny-tap "^0.2.0"

"@prometheusresearch/react-ui@^0.25.0":
  version "0.25.0"
  resolved "https://registry.yarnpkg.com/@prometheusresearch/react-ui/-/react-ui-0.25.0.tgz#a1e68b7d3a1043db0602c0b799d6ab5bd842f4cf"
  dependencies:
    color-js "^1.0.4"
    debounce "^1.0.0"
    focus-group "^0.3.1"
    invariant "^2.2.1"
    react-stylesheet "^2.1.1"
    teeny-tap "^0.2.0"

acorn@^4.0.3:
  version "4.0.13"
  resolved "https://registry.yarnpkg.com/acorn/-/acorn-4.0.13.tgz#105495ae5361d697bd195c825192e1ad7f253787"

amdefine@>=0.0.4:
  version "1.0.1"
  resolved "https://registry.yarnpkg.com/amdefine/-/amdefine-1.0.1.tgz#4a5282ac164729e93619bcfd3ad151f817ce91f5"

asap@~2.0.3:
  version "2.0.6"
  resolved "https://registry.yarnpkg.com/asap/-/asap-2.0.6.tgz#e50347611d7e690943208bbdafebcbc2fb866d46"

ast-types@0.9.6:
  version "0.9.6"
  resolved "https://registry.yarnpkg.com/ast-types/-/ast-types-0.9.6.tgz#102c9e9e9005d3e7e3829bf0c4fa24ee862ee9b9"

autobind-decorator@^1.2.0, autobind-decorator@^1.3.2:
  version "1.4.3"
  resolved "https://registry.yarnpkg.com/autobind-decorator/-/autobind-decorator-1.4.3.tgz#4c96ffa77b10622ede24f110f5dbbf56691417d1"

babel-runtime@^6.11.6:
  version "6.23.0"
  resolved "https://registry.yarnpkg.com/babel-runtime/-/babel-runtime-6.23.0.tgz#0a9489f144de70efb3ce4300accdb329e2fc543b"
  dependencies:
    core-js "^2.4.0"
    regenerator-runtime "^0.10.0"

balanced-match@^0.4.2:
  version "0.4.2"
  resolved "https://registry.yarnpkg.com/balanced-match/-/balanced-match-0.4.2.tgz#cb3f3e3c732dc0f01ee70b403f302e61d7709838"

balanced-match@^1.0.0:
  version "1.0.0"
  resolved "https://registry.yarnpkg.com/balanced-match/-/balanced-match-1.0.0.tgz#89b4d199ab2bee49de164ea02b89ce462d71b767"

base62@^1.1.0:
  version "1.2.0"
  resolved "https://registry.yarnpkg.com/base62/-/base62-1.2.0.tgz#31e7e560dc846c9f44c1a531df6514da35474157"

base64-js@^1.2.0:
  version "1.2.1"
  resolved "https://registry.yarnpkg.com/base64-js/-/base64-js-1.2.1.tgz#a91947da1f4a516ea38e5b4ec0ec3773675e0886"

big.js@^3.1.3:
  version "3.1.3"
  resolved "https://registry.yarnpkg.com/big.js/-/big.js-3.1.3.tgz#4cada2193652eb3ca9ec8e55c9015669c9806978"

bootstrap@3.3.5:
  version "3.3.5"
  resolved "https://registry.yarnpkg.com/bootstrap/-/bootstrap-3.3.5.tgz#1777ab79299b128d87dce7cbd86fdc46ac69c0b1"

brace-expansion@^1.1.7:
  version "1.1.8"
  resolved "https://registry.yarnpkg.com/brace-expansion/-/brace-expansion-1.1.8.tgz#c07b211c7c952ec1f8efd51a77ef0d1d3990a292"
  dependencies:
    balanced-match "^1.0.0"
    concat-map "0.0.1"

chain-function@^1.0.0:
  version "1.0.0"
  resolved "https://registry.yarnpkg.com/chain-function/-/chain-function-1.0.0.tgz#0d4ab37e7e18ead0bdc47b920764118ce58733dc"

classnames@2.2.5, classnames@^2.1.2, classnames@^2.2.3, classnames@^2.2.4:
  version "2.2.5"
  resolved "https://registry.yarnpkg.com/classnames/-/classnames-2.2.5.tgz#fb3801d453467649ef3603c7d61a02bd129bde6d"

codemirror@^5.13.4, codemirror@^5.17.0:
  version "5.27.4"
  resolved "https://registry.yarnpkg.com/codemirror/-/codemirror-5.27.4.tgz#0e817c839bfea9959dd16cd48ae14acc0e43c3b6"

color-hash@^1.0.3:
  version "1.0.3"
  resolved "https://registry.yarnpkg.com/color-hash/-/color-hash-1.0.3.tgz#c0e7952f06d022e548e65da239512bd67d3809ee"

color-js@^1.0.3, color-js@^1.0.4:
  version "1.0.4"
  resolved "https://registry.yarnpkg.com/color-js/-/color-js-1.0.4.tgz#97d77af4188ba8e1957ba0d512e6465f321e8f82"

commander@^2.5.0:
  version "2.11.0"
  resolved "https://registry.yarnpkg.com/commander/-/commander-2.11.0.tgz#157152fd1e7a6c8d98a5b715cf376df928004563"

commoner@^0.10.1:
  version "0.10.8"
  resolved "https://registry.yarnpkg.com/commoner/-/commoner-0.10.8.tgz#34fc3672cd24393e8bb47e70caa0293811f4f2c5"
  dependencies:
    commander "^2.5.0"
    detective "^4.3.1"
    glob "^5.0.15"
    graceful-fs "^4.1.2"
    iconv-lite "^0.4.5"
    mkdirp "^0.5.0"
    private "^0.1.6"
    q "^1.1.2"
    recast "^0.11.17"

component-emitter@1.1.2:
  version "1.1.2"
  resolved "https://registry.yarnpkg.com/component-emitter/-/component-emitter-1.1.2.tgz#296594f2753daa63996d2af08d15a95116c9aec3"

concat-map@0.0.1:
  version "0.0.1"
  resolved "https://registry.yarnpkg.com/concat-map/-/concat-map-0.0.1.tgz#d8a96bd77fd68df7793a73036a3ba0d5405d477b"

core-js@2.4.1, core-js@^2.4.0:
  version "2.4.1"
  resolved "https://registry.yarnpkg.com/core-js/-/core-js-2.4.1.tgz#4de911e667b0eae9124e34254b53aea6fc618d3e"

core-js@^1.0.0:
  version "1.2.7"
  resolved "https://registry.yarnpkg.com/core-js/-/core-js-1.2.7.tgz#652294c14651db28fa93bd2d5ff2983a4f08c636"

create-react-class@^15.5.2:
  version "15.6.0"
  resolved "https://registry.yarnpkg.com/create-react-class/-/create-react-class-15.6.0.tgz#ab448497c26566e1e29413e883207d57cfe7bed4"
  dependencies:
    fbjs "^0.8.9"
    loose-envify "^1.3.1"
    object-assign "^4.1.1"

d3-array@1:
  version "1.2.0"
  resolved "https://registry.yarnpkg.com/d3-array/-/d3-array-1.2.0.tgz#147d269720e174c4057a7f42be8b0f3f2ba53108"

d3-collection@1:
  version "1.0.4"
  resolved "https://registry.yarnpkg.com/d3-collection/-/d3-collection-1.0.4.tgz#342dfd12837c90974f33f1cc0a785aea570dcdc2"

d3-color@1:
  version "1.0.3"
  resolved "https://registry.yarnpkg.com/d3-color/-/d3-color-1.0.3.tgz#bc7643fca8e53a8347e2fbdaffa236796b58509b"

d3-format@1:
  version "1.2.0"
  resolved "https://registry.yarnpkg.com/d3-format/-/d3-format-1.2.0.tgz#6b480baa886885d4651dc248a8f4ac9da16db07a"

d3-interpolate@1:
  version "1.1.5"
  resolved "https://registry.yarnpkg.com/d3-interpolate/-/d3-interpolate-1.1.5.tgz#69e099ff39214716e563c9aec3ea9d1ea4b8a79f"
  dependencies:
    d3-color "1"

d3-path@1:
  version "1.0.5"
  resolved "https://registry.yarnpkg.com/d3-path/-/d3-path-1.0.5.tgz#241eb1849bd9e9e8021c0d0a799f8a0e8e441764"

d3-scale@1.0.4:
  version "1.0.4"
  resolved "https://registry.yarnpkg.com/d3-scale/-/d3-scale-1.0.4.tgz#50e28bf6a193b706745528515ed9b3d44205a033"
  dependencies:
    d3-array "1"
    d3-collection "1"
    d3-color "1"
    d3-format "1"
    d3-interpolate "1"
    d3-time "1"
    d3-time-format "2"

d3-shape@1.0.4:
  version "1.0.4"
  resolved "https://registry.yarnpkg.com/d3-shape/-/d3-shape-1.0.4.tgz#145ee100ccbec42f8e3f1996cd05c786f79fe1c6"
  dependencies:
    d3-path "1"

d3-time-format@2:
  version "2.0.5"
  resolved "https://registry.yarnpkg.com/d3-time-format/-/d3-time-format-2.0.5.tgz#9d7780204f7c9119c9170b1a56db4de9a8af972e"
  dependencies:
    d3-time "1"

d3-time@1:
  version "1.0.7"
  resolved "https://registry.yarnpkg.com/d3-time/-/d3-time-1.0.7.tgz#94caf6edbb7879bb809d0d1f7572bc48482f7270"

debounce-promise@^2.1.1:
  version "2.1.1"
  resolved "https://registry.yarnpkg.com/debounce-promise/-/debounce-promise-2.1.1.tgz#4c6a6a2ba6b4a75bac544d688dd1ad4fcce9f30b"

debounce@^1.0.0:
  version "1.0.2"
  resolved "https://registry.yarnpkg.com/debounce/-/debounce-1.0.2.tgz#503cc674d8d7f737099664fb75ddbd36b9626dc6"

debug@^2.6.0, debug@^2.6.3:
  version "2.6.8"
  resolved "https://registry.yarnpkg.com/debug/-/debug-2.6.8.tgz#e731531ca2ede27d188222427da17821d68ff4fc"
  dependencies:
    ms "2.0.0"

defined@^1.0.0:
  version "1.0.0"
  resolved "https://registry.yarnpkg.com/defined/-/defined-1.0.0.tgz#c98d9bcef75674188e110969151199e39b1fa693"

derivable@1.0.0-beta11:
  version "1.0.0-beta11"
  resolved "https://registry.yarnpkg.com/derivable/-/derivable-1.0.0-beta11.tgz#7c8991d47a51ef2986cec337d30cd43eff7a6aa8"

detective@^4.3.1:
  version "4.5.0"
  resolved "https://registry.yarnpkg.com/detective/-/detective-4.5.0.tgz#6e5a8c6b26e6c7a254b1c6b6d7490d98ec91edd1"
  dependencies:
    acorn "^4.0.3"
    defined "^1.0.0"

"dom-helpers@^2.4.0 || ^3.0.0", dom-helpers@^3.2.0:
  version "3.2.1"
  resolved "https://registry.yarnpkg.com/dom-helpers/-/dom-helpers-3.2.1.tgz#3203e07fed217bd1f424b019735582fc37b2825a"

dom-scroll-into-view@^1.0.1:
  version "1.2.1"
  resolved "https://registry.yarnpkg.com/dom-scroll-into-view/-/dom-scroll-into-view-1.2.1.tgz#e8f36732dd089b0201a88d7815dc3f88e6d66c7e"

dot-qs@0.2.0:
  version "0.2.0"
  resolved "https://registry.yarnpkg.com/dot-qs/-/dot-qs-0.2.0.tgz#d36517fe24b7cda61fce7a5026a0024afaf5a439"

downloadjs@^1.4.6:
  version "1.4.7"
  resolved "https://registry.yarnpkg.com/downloadjs/-/downloadjs-1.4.7.tgz#f69f96f940e0d0553dac291139865a3cd0101e3c"

emojis-list@^2.0.0:
  version "2.1.0"
  resolved "https://registry.yarnpkg.com/emojis-list/-/emojis-list-2.1.0.tgz#4daa4d9db00f9819880c79fa457ae5b09a1fd389"

empty@^0.10.1:
  version "0.10.1"
  resolved "https://registry.yarnpkg.com/empty/-/empty-0.10.1.tgz#de22fbe9fd0c0bc60cd904943a30eb222b67e042"
  dependencies:
    envify "^3.4.0"

encoding@^0.1.11:
  version "0.1.12"
  resolved "https://registry.yarnpkg.com/encoding/-/encoding-0.1.12.tgz#538b66f3ee62cd1ab51ec323829d1f9480c74beb"
  dependencies:
    iconv-lite "~0.4.13"

envify@^3.4.0:
  version "3.4.1"
  resolved "https://registry.yarnpkg.com/envify/-/envify-3.4.1.tgz#d7122329e8df1688ba771b12501917c9ce5cbce8"
  dependencies:
    jstransform "^11.0.3"
    through "~2.3.4"

escape-regexp@0.0.1:
  version "0.0.1"
  resolved "https://registry.yarnpkg.com/escape-regexp/-/escape-regexp-0.0.1.tgz#f44bda12d45bbdf9cb7f862ee7e4827b3dd32254"

esprima-fb@^15001.1.0-dev-harmony-fb:
  version "15001.1.0-dev-harmony-fb"
  resolved "https://registry.yarnpkg.com/esprima-fb/-/esprima-fb-15001.1.0-dev-harmony-fb.tgz#30a947303c6b8d5e955bee2b99b1d233206a6901"

esprima@~3.1.0:
  version "3.1.3"
  resolved "https://registry.yarnpkg.com/esprima/-/esprima-3.1.3.tgz#fdca51cee6133895e3c88d535ce49dbff62a4633"

exenv@^1.2.1:
  version "1.2.2"
  resolved "https://registry.yarnpkg.com/exenv/-/exenv-1.2.2.tgz#2ae78e85d9894158670b03d47bec1f03bd91bb9d"

fbjs@^0.8.9:
  version "0.8.12"
  resolved "https://registry.yarnpkg.com/fbjs/-/fbjs-0.8.12.tgz#10b5d92f76d45575fd63a217d4ea02bea2f8ed04"
  dependencies:
    core-js "^1.0.0"
    isomorphic-fetch "^2.1.1"
    loose-envify "^1.0.0"
    object-assign "^4.1.0"
    promise "^7.1.1"
    setimmediate "^1.0.5"
    ua-parser-js "^0.7.9"

fixed-data-table@^0.5.0:
  version "0.5.0"
  resolved "https://registry.yarnpkg.com/fixed-data-table/-/fixed-data-table-0.5.0.tgz#b2a9efddd9da5bf4321043604951296687c76c15"

flat@1.2.1:
  version "1.2.1"
  resolved "https://registry.yarnpkg.com/flat/-/flat-1.2.1.tgz#316db8c0f108252863cda05e6e6206cb7b04e032"

focus-group@^0.3.1:
  version "0.3.1"
  resolved "https://registry.yarnpkg.com/focus-group/-/focus-group-0.3.1.tgz#e0f32ed86b0dabdd6ffcebdf898ecb32e47fedce"

generate-function@^2.0.0:
  version "2.0.0"
  resolved "https://registry.yarnpkg.com/generate-function/-/generate-function-2.0.0.tgz#6858fe7c0969b7d4e9093337647ac79f60dfbe74"

generate-object-property@^1.1.0:
  version "1.2.0"
  resolved "https://registry.yarnpkg.com/generate-object-property/-/generate-object-property-1.2.0.tgz#9c0e1c40308ce804f4783618b937fa88f99d50d0"
  dependencies:
    is-property "^1.0.0"

glob@^5.0.15:
  version "5.0.15"
  resolved "https://registry.yarnpkg.com/glob/-/glob-5.0.15.tgz#1bc936b9e02f4a603fcc222ecf7633d30b8b93b1"
  dependencies:
    inflight "^1.0.4"
    inherits "2"
    minimatch "2 || 3"
    once "^1.3.0"
    path-is-absolute "^1.0.0"

graceful-fs@^4.1.2:
  version "4.1.11"
  resolved "https://registry.yarnpkg.com/graceful-fs/-/graceful-fs-4.1.11.tgz#0e8bdfe4d1ddb8854d64e04ea7c00e2a026e5658"

history@^4.6.0:
  version "4.6.3"
  resolved "https://registry.yarnpkg.com/history/-/history-4.6.3.tgz#6d723a8712c581d6bef37e8c26f4aedc6eb86967"
  dependencies:
    invariant "^2.2.1"
    loose-envify "^1.2.0"
    resolve-pathname "^2.0.0"
    value-equal "^0.2.0"
    warning "^3.0.0"

iconv-lite@^0.4.5, iconv-lite@~0.4.13:
  version "0.4.18"
  resolved "https://registry.yarnpkg.com/iconv-lite/-/iconv-lite-0.4.18.tgz#23d8656b16aae6742ac29732ea8f0336a4789cf2"

immupdate@^0.1.3:
  version "0.1.3"
  resolved "https://registry.yarnpkg.com/immupdate/-/immupdate-0.1.3.tgz#1e6a44fe292b1f7367690d94a95f0af1ff522ff1"

immutable@^3.7.4:
  version "3.8.1"
  resolved "https://registry.yarnpkg.com/immutable/-/immutable-3.8.1.tgz#200807f11ab0f72710ea485542de088075f68cd2"

inflight@^1.0.4:
  version "1.0.6"
  resolved "https://registry.yarnpkg.com/inflight/-/inflight-1.0.6.tgz#49bd6331d7d02d0c09bc910a1075ba8165b56df9"
  dependencies:
    once "^1.3.0"
    wrappy "1"

inherits@2:
  version "2.0.3"
  resolved "https://registry.yarnpkg.com/inherits/-/inherits-2.0.3.tgz#633c2c83e3da42a502f52466022480f4208261de"

inline-style-prefix-all@^2.0.2:
  version "2.0.2"
  resolved "https://registry.yarnpkg.com/inline-style-prefix-all/-/inline-style-prefix-all-2.0.2.tgz#44e23c00d3521a36041e07c9b1e81bf36770b08c"

invariant@^2.1.0, invariant@^2.1.1, invariant@^2.2.1:
  version "2.2.2"
  resolved "https://registry.yarnpkg.com/invariant/-/invariant-2.2.2.tgz#9e1f56ac0acdb6bf303306f338be3b204ae60360"
  dependencies:
    loose-envify "^1.0.0"

is-property@^1.0.0:
  version "1.0.2"
  resolved "https://registry.yarnpkg.com/is-property/-/is-property-1.0.2.tgz#57fe1c4e48474edd65b09911f26b1cd4095dda84"

is-stream@^1.0.1:
  version "1.1.0"
  resolved "https://registry.yarnpkg.com/is-stream/-/is-stream-1.1.0.tgz#12d4a3dd4e68e0b79ceb8dbc84173ae80d91ca44"

isomorphic-fetch@^2.1.1:
  version "2.2.1"
  resolved "https://registry.yarnpkg.com/isomorphic-fetch/-/isomorphic-fetch-2.2.1.tgz#611ae1acf14f5e81f729507472819fe9733558a9"
  dependencies:
    node-fetch "^1.0.1"
    whatwg-fetch ">=0.10.0"

js-tokens@^3.0.0:
  version "3.0.2"
  resolved "https://registry.yarnpkg.com/js-tokens/-/js-tokens-3.0.2.tgz#9866df395102130e38f7f996bceb65443209c25b"

json5@^0.5.0:
  version "0.5.1"
  resolved "https://registry.yarnpkg.com/json5/-/json5-0.5.1.tgz#1eade7acc012034ad84e2396767ead9fa5495821"

jsonpointer@^3.0.0:
  version "3.0.1"
  resolved "https://registry.yarnpkg.com/jsonpointer/-/jsonpointer-3.0.1.tgz#612a9578eab6df8ec9d91d399c10d0e76c7f3f94"

jstransform@^11.0.3:
  version "11.0.3"
  resolved "https://registry.yarnpkg.com/jstransform/-/jstransform-11.0.3.tgz#09a78993e0ae4d4ef4487f6155a91f6190cb4223"
  dependencies:
    base62 "^1.1.0"
    commoner "^0.10.1"
    esprima-fb "^15001.1.0-dev-harmony-fb"
    object-assign "^2.0.0"
    source-map "^0.4.2"

keymirror@^0.1.1:
  version "0.1.1"
  resolved "https://registry.yarnpkg.com/keymirror/-/keymirror-0.1.1.tgz#918889ea13f8d0a42e7c557250eee713adc95c35"

loader-utils@^1.0.2:
  version "1.1.0"
  resolved "https://registry.yarnpkg.com/loader-utils/-/loader-utils-1.1.0.tgz#c98aef488bcceda2ffb5e2de646d6a754429f5cd"
  dependencies:
    big.js "^3.1.3"
    emojis-list "^2.0.0"
    json5 "^0.5.0"

lodash.debounce@^4.0.4:
  version "4.0.8"
  resolved "https://registry.yarnpkg.com/lodash.debounce/-/lodash.debounce-4.0.8.tgz#82d79bff30a67c4005ffd5e2515300ad9ca4d7af"

lodash@^3.10.1:
  version "3.10.1"
  resolved "https://registry.yarnpkg.com/lodash/-/lodash-3.10.1.tgz#5bf45e8e49ba4189e17d482789dfd15bd140b7b6"

lodash@^4.0.0, lodash@^4.13.0, lodash@^4.13.1, lodash@^4.15.0, lodash@^4.16.4, lodash@~4.17.4:
  version "4.17.4"
  resolved "https://registry.yarnpkg.com/lodash/-/lodash-4.17.4.tgz#78203a4d1c328ae1d86dca6460e369b57f4055ae"

loose-envify@^1.0.0, loose-envify@^1.2.0, loose-envify@^1.3.0, loose-envify@^1.3.1:
  version "1.3.1"
  resolved "https://registry.yarnpkg.com/loose-envify/-/loose-envify-1.3.1.tgz#d1a8ad33fa9ce0e713d65fdd0ac8b748d478c848"
  dependencies:
    js-tokens "^3.0.0"

math-expression-evaluator@^1.2.14:
  version "1.2.17"
  resolved "https://registry.yarnpkg.com/math-expression-evaluator/-/math-expression-evaluator-1.2.17.tgz#de819fdbcd84dccd8fae59c6aeb79615b9d266ac"

memoize-decorator@^1.0.2:
  version "1.0.2"
  resolved "https://registry.yarnpkg.com/memoize-decorator/-/memoize-decorator-1.0.2.tgz#605a41715c4171db192a90098b00ab8d6e1102f5"

"minimatch@2 || 3":
  version "3.0.4"
  resolved "https://registry.yarnpkg.com/minimatch/-/minimatch-3.0.4.tgz#5166e286457f03306064be5497e8dbb0c3d32083"
  dependencies:
    brace-expansion "^1.1.7"

minimist@0.0.8:
  version "0.0.8"
  resolved "https://registry.yarnpkg.com/minimist/-/minimist-0.0.8.tgz#857fcabfc3397d2625b8228262e86aa7a011b05d"

mkdirp@^0.5.0:
  version "0.5.1"
  resolved "https://registry.yarnpkg.com/mkdirp/-/mkdirp-0.5.1.tgz#30057438eac6cf7f8c4767f38648d6697d75c903"
  dependencies:
    minimist "0.0.8"

moment@^2.15.2, moment@^2.8.2:
  version "2.18.1"
  resolved "https://registry.yarnpkg.com/moment/-/moment-2.18.1.tgz#c36193dd3ce1c2eed2adb7c802dbbc77a81b1c0f"

ms@2.0.0:
  version "2.0.0"
  resolved "https://registry.yarnpkg.com/ms/-/ms-2.0.0.tgz#5608aeadfc00be6c2901df5f9861788de0d597c8"

murmurhash-js@^1.0.0:
  version "1.0.0"
  resolved "https://registry.yarnpkg.com/murmurhash-js/-/murmurhash-js-1.0.0.tgz#b06278e21fc6c37fa5313732b0412bcb6ae15f51"

node-fetch@^1.0.1:
  version "1.7.1"
  resolved "https://registry.yarnpkg.com/node-fetch/-/node-fetch-1.7.1.tgz#899cb3d0a3c92f952c47f1b876f4c8aeabd400d5"
  dependencies:
    encoding "^0.1.11"
    is-stream "^1.0.1"

normalize.css@^3.0.3:
  version "3.0.3"
  resolved "https://registry.yarnpkg.com/normalize.css/-/normalize.css-3.0.3.tgz#acc00262e235a2caa91363a2e5e3bfa4f8ad05c6"

object-assign@^1.0.0:
  version "1.0.0"
  resolved "https://registry.yarnpkg.com/object-assign/-/object-assign-1.0.0.tgz#e65dc8766d3b47b4b8307465c8311da030b070a6"

object-assign@^2.0.0:
  version "2.1.1"
  resolved "https://registry.yarnpkg.com/object-assign/-/object-assign-2.1.1.tgz#43c36e5d569ff8e4816c4efa8be02d26967c18aa"

object-assign@^4.1.0, object-assign@^4.1.1:
  version "4.1.1"
  resolved "https://registry.yarnpkg.com/object-assign/-/object-assign-4.1.1.tgz#2109adc7965887cfc05cbbd442cac8bfbb360863"

once@^1.3.0:
  version "1.4.0"
  resolved "https://registry.yarnpkg.com/once/-/once-1.4.0.tgz#583b1aa775961d4b113ac17d9c50baef9dd76bd1"
  dependencies:
    wrappy "1"

path-is-absolute@^1.0.0:
  version "1.0.1"
  resolved "https://registry.yarnpkg.com/path-is-absolute/-/path-is-absolute-1.0.1.tgz#174b9268735534ffbc7ace6bf53a5a9e1b5c5f5f"

performance-now@^2.1.0:
  version "2.1.0"
  resolved "https://registry.yarnpkg.com/performance-now/-/performance-now-2.1.0.tgz#6309f4e0e5fa913ec1c69307ae364b4b377c9e7b"

private@^0.1.6, private@~0.1.5:
  version "0.1.7"
  resolved "https://registry.yarnpkg.com/private/-/private-0.1.7.tgz#68ce5e8a1ef0a23bb570cc28537b5332aba63ef1"

promise@^7.1.1:
  version "7.3.1"
  resolved "https://registry.yarnpkg.com/promise/-/promise-7.3.1.tgz#064b72602b18f90f29192b8b1bc418ffd1ebd3bf"
  dependencies:
    asap "~2.0.3"

prop-types@15.5.8:
  version "15.5.8"
  resolved "https://registry.yarnpkg.com/prop-types/-/prop-types-15.5.8.tgz#6b7b2e141083be38c8595aa51fc55775c7199394"
  dependencies:
    fbjs "^0.8.9"

prop-types@^15.5.6, prop-types@^15.5.8:
  version "15.5.10"
  resolved "https://registry.yarnpkg.com/prop-types/-/prop-types-15.5.10.tgz#2797dfc3126182e3a95e3dfbb2e893ddd7456154"
  dependencies:
    fbjs "^0.8.9"
    loose-envify "^1.3.1"

q@^1.1.2:
  version "1.5.0"
  resolved "https://registry.yarnpkg.com/q/-/q-1.5.0.tgz#dd01bac9d06d30e6f219aecb8253ee9ebdc308f1"

qs@^4.0.0:
  version "4.0.0"
  resolved "https://registry.yarnpkg.com/qs/-/qs-4.0.0.tgz#c31d9b74ec27df75e543a86c78728ed8d4623607"

qs@^6.2.1, qs@^6.4.0:
  version "6.5.0"
  resolved "https://registry.yarnpkg.com/qs/-/qs-6.5.0.tgz#8d04954d364def3efc55b5a0793e1e2c8b1e6e49"

raf@^3.2.0:
  version "3.3.2"
  resolved "https://registry.yarnpkg.com/raf/-/raf-3.3.2.tgz#0c13be0b5b49b46f76d6669248d527cf2b02fe27"
  dependencies:
    performance-now "^2.1.0"

react-addons-shallow-compare@^0.14.0:
  version "0.14.8"
  resolved "https://registry.yarnpkg.com/react-addons-shallow-compare/-/react-addons-shallow-compare-0.14.8.tgz#1f26533d78cadabf4639756ec0dae5ab45427a74"

react-addons-transition-group@^0.14.0:
  version "0.14.8"
  resolved "https://registry.yarnpkg.com/react-addons-transition-group/-/react-addons-transition-group-0.14.8.tgz#3864f3bcfa180e1ab36f1efebee14fb481acf042"

"react-addons-transition-group@^0.14.0 || ^15.0.0":
  version "15.6.0"
  resolved "https://registry.yarnpkg.com/react-addons-transition-group/-/react-addons-transition-group-15.6.0.tgz#0f220b9f9597db3a80a88dbd6fe805fc644ce21c"
  dependencies:
    react-transition-group "^1.2.0"

react-aria-menubutton@andreypopp/react-aria-menubutton#939562363c5fb9eecdc38465477e3c209339383c:
  version "4.3.0"
  resolved "https://codeload.github.com/andreypopp/react-aria-menubutton/tar.gz/939562363c5fb9eecdc38465477e3c209339383c"
  dependencies:
    focus-group "^0.3.1"
    teeny-tap "^0.2.0"

react-clone-referenced-element@^1.0.1:
  version "1.0.1"
  resolved "https://registry.yarnpkg.com/react-clone-referenced-element/-/react-clone-referenced-element-1.0.1.tgz#2bba8c69404c5e4a944398600bcc4c941f860682"

react-codemirror@^0.2.6:
  version "0.2.6"
  resolved "https://registry.yarnpkg.com/react-codemirror/-/react-codemirror-0.2.6.tgz#e71e35717ce6effae68df1dbf2b5a75b84a44f84"
  dependencies:
    classnames "^2.2.3"
    codemirror "^5.13.4"
    lodash.debounce "^4.0.4"

react-css-property-operations@^15.4.1:
  version "15.4.1"
  resolved "https://registry.yarnpkg.com/react-css-property-operations/-/react-css-property-operations-15.4.1.tgz#4c0e305df4cc35f0f5fd2d65a79214c8b012db35"

react-derivable@^0.2.0:
  version "0.2.0"
  resolved "https://registry.yarnpkg.com/react-derivable/-/react-derivable-0.2.0.tgz#0d092532dd8c5a46a2ca87a335b3614be3063e57"
  dependencies:
    invariant "^2.2.1"

react-dom-stylesheet@^0.7.0:
  version "0.7.0"
  resolved "https://registry.yarnpkg.com/react-dom-stylesheet/-/react-dom-stylesheet-0.7.0.tgz#0ce3a91d6f48868dea65b059ede70ed584d0a857"
  dependencies:
    inline-style-prefix-all "^2.0.2"
    lodash "^4.13.1"
    style-loader "^0.13.0"

react-dom-stylesheet@^0.8.3:
  version "0.8.8"
  resolved "https://registry.yarnpkg.com/react-dom-stylesheet/-/react-dom-stylesheet-0.8.8.tgz#45e090be7d84b6cdcd02e4e718b91f7de47bad81"
  dependencies:
    inline-style-prefix-all "^2.0.2"
    lodash "^4.13.1"
    murmurhash-js "^1.0.0"
    react-css-property-operations "^15.4.1"
    style-loader "^0.13.0"

react-forms@2.0.0-beta35:
  version "2.0.0-beta35"
  resolved "https://registry.yarnpkg.com/react-forms/-/react-forms-2.0.0-beta35.tgz#fb3aeeedaec91ec5f38fda76bde2e1052bbce1b4"
  dependencies:
    derivable "1.0.0-beta11"
    generate-function "^2.0.0"
    generate-object-property "^1.1.0"
    invariant "^2.2.1"
    jsonpointer "^3.0.0"
    lodash "^4.0.0"
    memoize-decorator "^1.0.2"
    react-derivable "^0.2.0"
    react-stylesheet "^1.0.0"

react-icon-base@1.0.0:
  version "1.0.0"
  resolved "https://registry.yarnpkg.com/react-icon-base/-/react-icon-base-1.0.0.tgz#5692d495a7cf340fcf664b8c4d4a369c56467ea5"

react-icon-base@2.0.7:
  version "2.0.7"
  resolved "https://registry.yarnpkg.com/react-icon-base/-/react-icon-base-2.0.7.tgz#0bd18736bd6ce79ca6d69ce8387a07fb8d4ceffe"
  dependencies:
    prop-types "15.5.8"

react-icons@^1.0.6:
  version "1.0.6"
  resolved "https://registry.yarnpkg.com/react-icons/-/react-icons-1.0.6.tgz#d59b5950a8ca32be8f51a490eb81fb9126ca2bff"
  dependencies:
    react-icon-base "1.0.0"

react-icons@^2.2.1, react-icons@^2.2.3:
  version "2.2.5"
  resolved "https://registry.yarnpkg.com/react-icons/-/react-icons-2.2.5.tgz#f942501c21a4cc0456ce2bbee5032c93f6051dcf"
  dependencies:
    react-icon-base "2.0.7"

react-input-autosize@^1.1.3:
  version "1.1.4"
  resolved "https://registry.yarnpkg.com/react-input-autosize/-/react-input-autosize-1.1.4.tgz#cbc45072d4084ddc57806db8e3b34e644b8366ac"
  dependencies:
    create-react-class "^15.5.2"
    prop-types "^15.5.8"

react-relative-portal@^1.2.0:
  version "1.3.1"
  resolved "https://registry.yarnpkg.com/react-relative-portal/-/react-relative-portal-1.3.1.tgz#29cde5f4b8d3754f1db1bb0b636df1ce4cb84b6c"
  dependencies:
    debounce "^1.0.0"
    exenv "^1.2.1"

react-resize-detector@0.3.3:
  version "0.3.3"
  resolved "https://registry.yarnpkg.com/react-resize-detector/-/react-resize-detector-0.3.3.tgz#ca07443072324843586666d9443a6356da7c0501"

react-select@^1.0.0-rc.2:
  version "1.0.0-rc.5"
  resolved "https://registry.yarnpkg.com/react-select/-/react-select-1.0.0-rc.5.tgz#9d316f252b1adc372ddb5cdf1f119c6b7cfdb5d6"
  dependencies:
    classnames "^2.2.4"
    create-react-class "^15.5.2"
    prop-types "^15.5.8"
    react-input-autosize "^1.1.3"

react-smooth@0.1.20:
  version "0.1.20"
  resolved "https://registry.yarnpkg.com/react-smooth/-/react-smooth-0.1.20.tgz#0527eb60d0ee529e98720127aea5d3fbd2e59fb7"
  dependencies:
    lodash "^4.16.4"
    raf "^3.2.0"
    react-addons-transition-group "^0.14.0 || ^15.0.0"

react-stylesheet@^1.0.0:
  version "1.0.2"
  resolved "https://registry.yarnpkg.com/react-stylesheet/-/react-stylesheet-1.0.2.tgz#4194b3ced11d8aaafd4bacf77c548e87e8d88422"
  dependencies:
    invariant "^2.1.0"

react-stylesheet@^2.0.0, react-stylesheet@^2.0.2:
  version "2.0.3"
  resolved "https://registry.yarnpkg.com/react-stylesheet/-/react-stylesheet-2.0.3.tgz#8ed098328ae7b3e0657eba2f1bd56016687646c3"
  dependencies:
    fbjs "^0.8.9"
    inline-style-prefix-all "^2.0.2"
    invariant "^2.2.1"
    murmurhash-js "^1.0.0"
    style-loader "^0.13.0"

react-stylesheet@^2.1.1:
  version "2.1.1"
  resolved "https://registry.yarnpkg.com/react-stylesheet/-/react-stylesheet-2.1.1.tgz#c5ab35eb832d2b0f00938ad971bf5dac5fae7008"
  dependencies:
    fbjs "^0.8.9"
    inline-style-prefix-all "^2.0.2"
    invariant "^2.2.1"
    murmurhash-js "^1.0.0"
    style-loader "^0.13.0"

react-transition-group@^1.2.0:
  version "1.2.0"
  resolved "https://registry.yarnpkg.com/react-transition-group/-/react-transition-group-1.2.0.tgz#b51fc921b0c3835a7ef7c571c79fc82c73e9204f"
  dependencies:
    chain-function "^1.0.0"
    dom-helpers "^3.2.0"
    loose-envify "^1.3.1"
    prop-types "^15.5.6"
    warning "^3.0.0"

react-virtualized@^8.7.1:
  version "8.11.4"
  resolved "https://registry.yarnpkg.com/react-virtualized/-/react-virtualized-8.11.4.tgz#0bb94f1ecbd286d07145ce63983d0a11724522c0"
  dependencies:
    babel-runtime "^6.11.6"
    classnames "^2.2.3"
    dom-helpers "^2.4.0 || ^3.0.0"
    loose-envify "^1.3.0"

recast@^0.11.17:
  version "0.11.23"
  resolved "https://registry.yarnpkg.com/recast/-/recast-0.11.23.tgz#451fd3004ab1e4df9b4e4b66376b2a21912462d3"
  dependencies:
    ast-types "0.9.6"
    esprima "~3.1.0"
    private "~0.1.5"
    source-map "~0.5.0"

recharts-scale@0.2.1:
  version "0.2.1"
  resolved "https://registry.yarnpkg.com/recharts-scale/-/recharts-scale-0.2.1.tgz#378f543ed17c3245e4d9afb10aaf6298240d2fcb"

recharts@^0.20.8:
  version "0.20.8"
  resolved "https://registry.yarnpkg.com/recharts/-/recharts-0.20.8.tgz#7675c6c75c4888a577063679273508bd79d007f4"
  dependencies:
    classnames "2.2.5"
    core-js "2.4.1"
    d3-scale "1.0.4"
    d3-shape "1.0.4"
    lodash "~4.17.4"
    react-resize-detector "0.3.3"
    react-smooth "0.1.20"
    recharts-scale "0.2.1"
    reduce-css-calc "1.3.0"

reduce-css-calc@1.3.0:
  version "1.3.0"
  resolved "https://registry.yarnpkg.com/reduce-css-calc/-/reduce-css-calc-1.3.0.tgz#747c914e049614a4c9cfbba629871ad1d2927716"
  dependencies:
    balanced-match "^0.4.2"
    math-expression-evaluator "^1.2.14"
    reduce-function-call "^1.0.1"

reduce-function-call@^1.0.1:
  version "1.0.2"
  resolved "https://registry.yarnpkg.com/reduce-function-call/-/reduce-function-call-1.0.2.tgz#5a200bf92e0e37751752fe45b0ab330fd4b6be99"
  dependencies:
    balanced-match "^0.4.2"

regenerator-runtime@^0.10.0:
  version "0.10.5"
  resolved "https://registry.yarnpkg.com/regenerator-runtime/-/regenerator-runtime-0.10.5.tgz#336c3efc1220adcedda2c9fab67b5a7955a33658"

resolve-pathname@^2.0.0:
  version "2.1.0"
  resolved "https://registry.yarnpkg.com/resolve-pathname/-/resolve-pathname-2.1.0.tgz#e8358801b86b83b17560d4e3c382d7aef2100944"

rethemeable@^2.0.0, rethemeable@^2.0.1:
  version "2.0.4"
  resolved "https://registry.yarnpkg.com/rethemeable/-/rethemeable-2.0.4.tgz#32e7265d2e90d0a82e3921582d6f0e84800d9cfd"

"rex-action@file:./rex_node_modules/rex-action":
  version "1.6.3"
  dependencies:
    "@prometheusresearch/react-ui" "^0.24.1"
    autobind-decorator "^1.2.0"
    debug "^2.6.3"
    empty "^0.10.1"
    escape-regexp "0.0.1"
    history "^4.6.0"
    invariant "^2.1.1"
    lodash "^3.10.1"
    memoize-decorator "^1.0.2"
    qs "^6.4.0"
    react-clone-referenced-element "^1.0.1"
    react-stylesheet "^2.0.2"
    rethemeable "^2.0.0"
    styling "^0.4.0"

"rex-expression@file:./rex_node_modules/rex-expression":
  version "1.5.2"

"rex-mart-actions@file:./rex_node_modules/rex-mart-actions":
  version "0.7.1"
  dependencies:
    "@prometheusresearch/react-datetimepicker" "^0.5.0"
    "@prometheusresearch/react-ui" "^0.25.0"
    debounce-promise "^2.1.1"
    downloadjs "^1.4.6"
    lodash "^4.15.0"
    moment "^2.15.2"
    react-stylesheet "^2.1.1"
    react-virtualized "^8.7.1"

"rex-query@file:./rex_node_modules/rex-query":
  version "0.4.2"
  dependencies:
    "@prometheusresearch/react-datetimepicker" "^0.5.0"
    "@prometheusresearch/react-ui" "^0.25.0"
    base64-js "^1.2.0"
    color-hash "^1.0.3"
    create-react-class "^15.5.2"
    debounce-promise "^2.1.1"
    debug "^2.6.0"
    downloadjs "^1.4.6"
    invariant "^2.2.1"
    lodash "^4.15.0"
    moment "^2.15.2"
    prop-types "^15.5.8"
    qs "^6.2.1"
    react-addons-shallow-compare "^0.14.0"
    react-addons-transition-group "^0.14.0"
    react-aria-menubutton andreypopp/react-aria-menubutton#939562363c5fb9eecdc38465477e3c209339383c
    react-icons "^2.2.1"
    react-relative-portal "^1.2.0"
    react-select "^1.0.0-rc.2"
    react-stylesheet "^2.1.1"
    react-virtualized "^8.7.1"
    recharts "^0.20.8"
    tether "^1.4.0"

"rex-widget-chrome@file:./rex_node_modules/rex-widget-chrome":
  version "1.2.4"
  dependencies:
    "@prometheusresearch/react-ui" "^0.21.0"

"rex-widget@file:./rex_node_modules/rex-widget":
  version "3.1.0"
  dependencies:
    "@prometheusresearch/react-autocomplete" "^0.4.2"
    "@prometheusresearch/react-box" "^0.9.3"
    "@prometheusresearch/react-datetimepicker" "^0.4.1"
    "@prometheusresearch/react-ui" "^0.24.4"
    autobind-decorator "^1.3.2"
    bootstrap "3.3.5"
    classnames "^2.1.2"
    codemirror "^5.17.0"
    color-js "^1.0.3"
    component-emitter "1.1.2"
    dot-qs "0.2.0"
    fixed-data-table "^0.5.0"
    flat "1.2.1"
    generate-function "^2.0.0"
    immupdate "^0.1.3"
    immutable "^3.7.4"
    invariant "^2.1.0"
    keymirror "^0.1.1"
    lodash "^3.10.1"
    normalize.css "^3.0.3"
    object-assign "^1.0.0"
    qs "^4.0.0"
    react-codemirror "^0.2.6"
    react-dom-stylesheet "^0.7.0"
    react-forms "2.0.0-beta35"
    react-icons "^1.0.6"
    react-stylesheet "^1.0.0"
    rethemeable "^2.0.1"
    styling "^0.4.0"
    to-snake-case "^1.0.0"
    transit-js "^0.8.795"

setimmediate@^1.0.5:
  version "1.0.5"
  resolved "https://registry.yarnpkg.com/setimmediate/-/setimmediate-1.0.5.tgz#290cbb232e306942d7d7ea9b83732ab7856f8285"

source-map@^0.4.2:
  version "0.4.4"
  resolved "https://registry.yarnpkg.com/source-map/-/source-map-0.4.4.tgz#eba4f5da9c0dc999de68032d8b4f76173652036b"
  dependencies:
    amdefine ">=0.0.4"

source-map@~0.5.0:
  version "0.5.6"
  resolved "https://registry.yarnpkg.com/source-map/-/source-map-0.5.6.tgz#75ce38f52bf0733c5a7f0c118d81334a2bb5f412"

style-loader@^0.13.0:
  version "0.13.2"
  resolved "https://registry.yarnpkg.com/style-loader/-/style-loader-0.13.2.tgz#74533384cf698c7104c7951150b49717adc2f3bb"
  dependencies:
    loader-utils "^1.0.2"

styling@^0.4.0:
  version "0.4.1"
  resolved "https://registry.yarnpkg.com/styling/-/styling-0.4.1.tgz#c43bb05e4bb16ffdec692c7ddad2db09740f0ee3"

teeny-tap@^0.2.0:
  version "0.2.0"
  resolved "https://registry.yarnpkg.com/teeny-tap/-/teeny-tap-0.2.0.tgz#167e645182d06ac222d62bb2ab67947a70a58a68"

tether@^1.1.0, tether@^1.4.0:
  version "1.4.0"
  resolved "https://registry.yarnpkg.com/tether/-/tether-1.4.0.tgz#0f9fa171f75bf58485d8149e94799d7ae74d1c1a"

through@~2.3.4:
  version "2.3.8"
  resolved "https://registry.yarnpkg.com/through/-/through-2.3.8.tgz#0dd4c9ffaabc357960b1b724115d7e0e86a2e1f5"

to-no-case@^1.0.0:
  version "1.0.2"
  resolved "https://registry.yarnpkg.com/to-no-case/-/to-no-case-1.0.2.tgz#c722907164ef6b178132c8e69930212d1b4aa16a"

to-snake-case@^1.0.0:
  version "1.0.0"
  resolved "https://registry.yarnpkg.com/to-snake-case/-/to-snake-case-1.0.0.tgz#ce746913897946019a87e62edfaeaea4c608ab8c"
  dependencies:
    to-space-case "^1.0.0"

to-space-case@^1.0.0:
  version "1.0.0"
  resolved "https://registry.yarnpkg.com/to-space-case/-/to-space-case-1.0.0.tgz#b052daafb1b2b29dc770cea0163e5ec0ebc9fc17"
  dependencies:
    to-no-case "^1.0.0"

transit-js@^0.8.795:
  version "0.8.846"
  resolved "https://registry.yarnpkg.com/transit-js/-/transit-js-0.8.846.tgz#76e06e8f0e6be27675e3442112f5c9bb75343464"

ua-parser-js@^0.7.9:
  version "0.7.14"
  resolved "https://registry.yarnpkg.com/ua-parser-js/-/ua-parser-js-0.7.14.tgz#110d53fa4c3f326c121292bbeac904d2e03387ca"

value-equal@^0.2.0:
  version "0.2.1"
  resolved "https://registry.yarnpkg.com/value-equal/-/value-equal-0.2.1.tgz#c220a304361fce6994dbbedaa3c7e1a1b895871d"

warning@^3.0.0:
  version "3.0.0"
  resolved "https://registry.yarnpkg.com/warning/-/warning-3.0.0.tgz#32e5377cb572de4ab04753bdf8821c01ed605b7c"
  dependencies:
    loose-envify "^1.0.0"

whatwg-fetch@>=0.10.0:
  version "2.0.3"
  resolved "https://registry.yarnpkg.com/whatwg-fetch/-/whatwg-fetch-2.0.3.tgz#9c84ec2dcf68187ff00bc64e1274b442176e1c84"

wrappy@1:
  version "1.0.2"
  resolved "https://registry.yarnpkg.com/wrappy/-/wrappy-1.0.2.tgz#b5243d8f3ec1aa35f1364605bc0d1036e30ab69f"
